<?xml version="1.0" encoding="utf-8"?>
<Project ToolsVersion="4.0" xmlns="http://schemas.microsoft.com/developer/msbuild/2003">
  <ItemGroup>
    <Filter Include="Source Files">
      <UniqueIdentifier>{4FC737F1-C7A5-4376-A066-2A32D752A2FF}</UniqueIdentifier>
      <Extensions>cpp;c;cc;cxx;c++;cppm;ixx;def;odl;idl;hpj;bat;asm;asmx</Extensions>
    </Filter>
    <Filter Include="Header Files">
      <UniqueIdentifier>{93995380-89BD-4b04-88EB-625FBE52EBFB}</UniqueIdentifier>
      <Extensions>h;hh;hpp;hxx;h++;hm;inl;inc;ipp;xsd</Extensions>
    </Filter>
    <Filter Include="Resource Files">
      <UniqueIdentifier>{67DA6AB6-F800-4c08-8B7A-83BB121AAD01}</UniqueIdentifier>
      <Extensions>rc;ico;cur;bmp;dlg;rc2;rct;bin;rgs;gif;jpg;jpeg;jpe;resx;tiff;tif;png;wav;mfcribbon-ms</Extensions>
    </Filter>
    <Filter Include="Header Files\Commands">
      <UniqueIdentifier>{d3f6be5e-9d7f-4ffd-b55c-badd0c20794e}</UniqueIdentifier>
    </Filter>
    <Filter Include="Source Files\Components">
      <UniqueIdentifier>{3508a6b3-118e-46a1-99fc-6b8920f1e1b8}</UniqueIdentifier>
    </Filter>
    <Filter Include="Header Files\Components">
      <UniqueIdentifier>{38b004c6-8e2e-4cf4-9977-4c86a5df9868}</UniqueIdentifier>
    </Filter>
    <Filter Include="Header Files\Game">
      <UniqueIdentifier>{f9c3e91d-0e87-4239-a8da-1a37cae8f9a0}</UniqueIdentifier>
    </Filter>
    <Filter Include="Source Files\Game">
      <UniqueIdentifier>{488dd08a-5ac3-475e-8abd-ade302ea186a}</UniqueIdentifier>
    </Filter>
    <Filter Include="Header Files\Scene">
      <UniqueIdentifier>{c924a0e2-deb6-414d-a9fb-141c32f1ffb7}</UniqueIdentifier>
    </Filter>
    <Filter Include="Source Files\Scene">
      <UniqueIdentifier>{ea47e976-9f38-4c6e-8ed8-a78decfc0ec7}</UniqueIdentifier>
    </Filter>
    <Filter Include="Source Files\State">
      <UniqueIdentifier>{19a9c46b-c173-49c0-b24c-991913a8dd60}</UniqueIdentifier>
    </Filter>
    <Filter Include="Header Files\State">
      <UniqueIdentifier>{8c84d7a0-83a1-423b-8fb0-1682dc7e789a}</UniqueIdentifier>
    </Filter>
    <Filter Include="Header Files\State\GhostStates">
      <UniqueIdentifier>{46616f9b-e127-479a-9997-f3f77b8f690e}</UniqueIdentifier>
    </Filter>
    <Filter Include="Header Files\State\FruitStates">
      <UniqueIdentifier>{8e452386-d515-4bc7-afaa-72f2c29fe2ef}</UniqueIdentifier>
    </Filter>
    <Filter Include="Source Files\State\FruitStates">
      <UniqueIdentifier>{e9580250-80b8-4ff6-9fb3-8b1efecd7246}</UniqueIdentifier>
    </Filter>
    <Filter Include="Source Files\State\GhostStates">
      <UniqueIdentifier>{d8bad93b-42f8-4d6e-a9c7-8d9c60718890}</UniqueIdentifier>
    </Filter>
  </ItemGroup>
  <ItemGroup>
    <ClCompile Include="Main.cpp">
      <Filter>Source Files</Filter>
    </ClCompile>
    <ClCompile Include="MovementComponent.cpp">
      <Filter>Source Files\Components</Filter>
    </ClCompile>
    <ClCompile Include="HighScoreManager.cpp">
      <Filter>Source Files\Game</Filter>
    </ClCompile>
    <ClCompile Include="LevelBuilder.cpp">
      <Filter>Source Files\Game</Filter>
    </ClCompile>
    <ClCompile Include="GhostAIComponent.cpp">
      <Filter>Source Files\Components</Filter>
    </ClCompile>
    <ClCompile Include="GameScene.cpp">
      <Filter>Source Files\Scene</Filter>
    </ClCompile>
    <ClCompile Include="MenuScene.cpp">
      <Filter>Source Files\Scene</Filter>
    </ClCompile>
    <ClCompile Include="NameInputComponent.cpp">
      <Filter>Source Files\Components</Filter>
    </ClCompile>
    <ClCompile Include="LevelManager.cpp">
      <Filter>Source Files\Game</Filter>
    </ClCompile>
    <ClCompile Include="AnimationRotationComponent.cpp">
      <Filter>Source Files\Components</Filter>
    </ClCompile>
    <ClCompile Include="FruitComponent.cpp">
      <Filter>Source Files\Components</Filter>
    </ClCompile>
    <ClCompile Include="PointsDisplayComponent.cpp">
      <Filter>Source Files\Components</Filter>
    </ClCompile>
    <ClCompile Include="LivesDisplayComponent.cpp">
      <Filter>Source Files\Components</Filter>
    </ClCompile>
    <ClCompile Include="GhostChaseState.cpp">
      <Filter>Source Files\State\GhostStates</Filter>
    </ClCompile>
    <ClCompile Include="GhostEatenState.cpp">
      <Filter>Source Files\State\GhostStates</Filter>
    </ClCompile>
    <ClCompile Include="GhostExitHouseState.cpp">
      <Filter>Source Files\State\GhostStates</Filter>
    </ClCompile>
    <ClCompile Include="GhostFrightenedState.cpp">
      <Filter>Source Files\State\GhostStates</Filter>
    </ClCompile>
    <ClCompile Include="GhostScatterState.cpp">
      <Filter>Source Files\State\GhostStates</Filter>
    </ClCompile>
    <ClCompile Include="FruitWanderState.cpp">
      <Filter>Source Files\State\FruitStates</Filter>
    </ClCompile>
    <ClCompile Include="FruitHiddenState.cpp">
      <Filter>Source Files\State\FruitStates</Filter>
    </ClCompile>
    <ClCompile Include="FruitExitState.cpp">
      <Filter>Source Files\State\FruitStates</Filter>
    </ClCompile>
    <ClCompile Include="FruitEnterState.cpp">
      <Filter>Source Files\State\FruitStates</Filter>
    </ClCompile>
    <ClCompile Include="FruitDisplayComponent.cpp">
      <Filter>Source Files\Components</Filter>
    </ClCompile>
  </ItemGroup>
  <ItemGroup>
    <ClInclude Include="..\Minigin\AddPointsCommand.h">
      <Filter>Header Files\Commands</Filter>
    </ClInclude>
    <ClInclude Include="..\Minigin\MoveCommand.h">
      <Filter>Header Files\Commands</Filter>
    </ClInclude>
    <ClInclude Include="..\Minigin\TakeDamageCommand.h">
      <Filter>Header Files\Commands</Filter>
    </ClInclude>
    <ClInclude Include="..\Minigin\MovementComponent.h">
      <Filter>Header Files\Components</Filter>
    </ClInclude>
    <ClInclude Include="GameEvents.h">
      <Filter>Header Files\Game</Filter>
    </ClInclude>
    <ClInclude Include="HighScoreManager.h">
      <Filter>Header Files\Game</Filter>
    </ClInclude>
    <ClInclude Include="LevelBuilder.h">
      <Filter>Header Files\Game</Filter>
    </ClInclude>
    <ClInclude Include="GhostAIComponent.h">
      <Filter>Header Files\Components</Filter>
    </ClInclude>
    <ClInclude Include="GameScene.h">
      <Filter>Header Files\Scene</Filter>
    </ClInclude>
    <ClInclude Include="MenuScene.h">
      <Filter>Header Files\Scene</Filter>
    </ClInclude>
    <ClInclude Include="UIMoveCommand.h">
      <Filter>Header Files\Commands</Filter>
    </ClInclude>
    <ClInclude Include="UIMovementComponent.h">
      <Filter>Header Files\Components</Filter>
    </ClInclude>
    <ClInclude Include="GameModeCommand.h">
      <Filter>Header Files\Commands</Filter>
    </ClInclude>
    <ClInclude Include="PowerPelletComponent.h">
      <Filter>Header Files\Components</Filter>
    </ClInclude>
    <ClInclude Include="NameInputComponent.h">
      <Filter>Header Files\Components</Filter>
    </ClInclude>
    <ClInclude Include="NameInputCommand.h">
      <Filter>Header Files\Commands</Filter>
    </ClInclude>
    <ClInclude Include="LevelManager.h">
      <Filter>Header Files\Game</Filter>
    </ClInclude>
    <ClInclude Include="CheatCommand.h">
      <Filter>Header Files\Commands</Filter>
    </ClInclude>
    <ClInclude Include="AnimationRotationComponent.h">
      <Filter>Header Files\Components</Filter>
    </ClInclude>
    <ClInclude Include="FruitComponent.h">
      <Filter>Header Files\Components</Filter>
    </ClInclude>
    <ClInclude Include="PointsComponent.h">
      <Filter>Header Files\Components</Filter>
    </ClInclude>
    <ClInclude Include="PointsDisplayComponent.h">
      <Filter>Header Files\Components</Filter>
    </ClInclude>
    <ClInclude Include="HealthComponent.h">
      <Filter>Header Files\Components</Filter>
    </ClInclude>
    <ClInclude Include="LivesDisplayComponent.h">
      <Filter>Header Files\Components</Filter>
    </ClInclude>
    <ClInclude Include="GhostChaseState.h">
      <Filter>Header Files\State\GhostStates</Filter>
    </ClInclude>
    <ClInclude Include="GhostEatenState.h">
      <Filter>Header Files\State\GhostStates</Filter>
    </ClInclude>
    <ClInclude Include="GhostExitHouseState.h">
      <Filter>Header Files\State\GhostStates</Filter>
    </ClInclude>
    <ClInclude Include="GhostFrightenedState.h">
      <Filter>Header Files\State\GhostStates</Filter>
    </ClInclude>
    <ClInclude Include="GhostScatterState.h">
      <Filter>Header Files\State\GhostStates</Filter>
    </ClInclude>
    <ClInclude Include="IGhostState.h">
      <Filter>Header Files\State\GhostStates</Filter>
    </ClInclude>
    <ClInclude Include="IFruitState.h">
      <Filter>Header Files\State\FruitStates</Filter>
    </ClInclude>
    <ClInclude Include="FruitWanderState.h">
      <Filter>Header Files\State\FruitStates</Filter>
    </ClInclude>
    <ClInclude Include="FruitHiddenState.h">
      <Filter>Header Files\State\FruitStates</Filter>
    </ClInclude>
    <ClInclude Include="FruitExitState.h">
      <Filter>Header Files\State\FruitStates</Filter>
    </ClInclude>
    <ClInclude Include="FruitEnterState.h">
      <Filter>Header Files\State\FruitStates</Filter>
    </ClInclude>
    <ClInclude Include="FruitDisplayComponent.h">
      <Filter>Header Files\Components</Filter>
    </ClInclude>
  </ItemGroup>
</Project>